
Microsoft Visual Studio Solution File, Format Version 12.00
# Visual Studio 15
VisualStudioVersion = 15.0.28010.2026
MinimumVisualStudioVersion = 10.0.40219.1
Project("{FAE04EC0-301F-11D3-BF4B-00C04F79EFBC}") = "aoc2018", "aoc2018\aoc2018.csproj", "{122FE170-3282-4697-84DD-928A28806A8A}"
EndProject
Global
	GlobalSection(SolutionConfigurationPlatforms) = preSolution
		Debug|Any CPU = Debug|Any CPU
		Release|Any CPU = Release|Any CPU
	EndGlobalSection
	GlobalSection(ProjectConfigurationPlatforms) = postSolution
		{122FE170-3282-4697-84DD-928A28806A8A}.Debug|Any CPU.ActiveCfg = Debug|Any CPU
		{122FE170-3282-4697-84DD-928A28806A8A}.Debug|Any CPU.Build.0 = Debug|Any CPU
		{122FE170-3282-4697-84DD-928A28806A8A}.Release|Any CPU.ActiveCfg = Release|Any CPU
		{122FE170-3282-4697-84DD-928A28806A8A}.Release|Any CPU.Build.0 = Release|Any CPU
	EndGlobalSection
	GlobalSection(SolutionProperties) = preSolution
		HideSolutionNode = FALSE
	EndGlobalSection
	GlobalSection(ExtensibilityGlobals) = postSolution
		SolutionGuid = {9D368769-9F46-40BA-BD2C-93E6A821A2A1}
	EndGlobalSection
EndGlobal
